
Microsoft Visual Studio Solution File, Format Version 12.00
# Visual Studio Version 17
VisualStudioVersion = 17.13.35919.96
MinimumVisualStudioVersion = 10.0.40219.1
Project("{FAE04EC0-301F-11D3-BF4B-00C04F79EFBC}") = "iCon", "iCon\iCon.csproj", "{10E1D71D-9D36-4BDD-9408-DB581A58BD56}"
	ProjectSection(ProjectDependencies) = postProject
		{3FAE127E-454D-4B2F-BCB1-0A426362A421} = {3FAE127E-454D-4B2F-BCB1-0A426362A421}
		{41B89E88-B350-4829-96AB-83C2024A4305} = {41B89E88-B350-4829-96AB-83C2024A4305}
		{985B6C68-6803-48BC-97FF-A36C31215600} = {985B6C68-6803-48BC-97FF-A36C31215600}
		{F3208D2B-834D-4D93-8728-AF205F153667} = {F3208D2B-834D-4D93-8728-AF205F153667}
	EndProjectSection
EndProject
Project("{8BC9CEB8-8B4A-11D0-8D11-00A0C91BC942}") = "MCJob_UDLL", "MCJob_UDLL\MCJob_UDLL.vcxproj", "{A8466DD5-53DC-4297-BA5F-22501DEE84BD}"
EndProject
Project("{8BC9CEB8-8B4A-11D0-8D11-00A0C91BC942}") = "MCMisc_UDLL", "MCMisc_UDLL\MCMisc_UDLL.vcxproj", "{34BE6D48-8BB5-4EBA-A2EE-810F3FCCEB95}"
EndProject
Project("{8BC9CEB8-8B4A-11D0-8D11-00A0C91BC942}") = "MCJob_MDLL", "MCJob_MDLL\MCJob_MDLL.vcxproj", "{3FAE127E-454D-4B2F-BCB1-0A426362A421}"
	ProjectSection(ProjectDependencies) = postProject
		{A8466DD5-53DC-4297-BA5F-22501DEE84BD} = {A8466DD5-53DC-4297-BA5F-22501DEE84BD}
	EndProjectSection
EndProject
Project("{8BC9CEB8-8B4A-11D0-8D11-00A0C91BC942}") = "MCMisc_MDLL", "MCMisc_MDLL\MCMisc_MDLL.vcxproj", "{985B6C68-6803-48BC-97FF-A36C31215600}"
	ProjectSection(ProjectDependencies) = postProject
		{34BE6D48-8BB5-4EBA-A2EE-810F3FCCEB95} = {34BE6D48-8BB5-4EBA-A2EE-810F3FCCEB95}
	EndProjectSection
EndProject
Project("{8BC9CEB8-8B4A-11D0-8D11-00A0C91BC942}") = "iConSimulator", "iConSimulator\iConSimulator.vcxproj", "{41B89E88-B350-4829-96AB-83C2024A4305}"
EndProject
Project("{8BC9CEB8-8B4A-11D0-8D11-00A0C91BC942}") = "iConSearcher", "iConSearcher\iConSearcher.vcxproj", "{F3208D2B-834D-4D93-8728-AF205F153667}"
EndProject
Project("{B7DD6F7E-DEF8-4E67-B5B7-07EF123DB6F0}") = "Setup", "Setup\Setup.wixproj", "{12D3B530-1261-453A-B46F-B58952275515}"
EndProject
Global
	GlobalSection(SolutionConfigurationPlatforms) = preSolution
		Debug|x86 = Debug|x86
		Release|x86 = Release|x86
	EndGlobalSection
	GlobalSection(ProjectConfigurationPlatforms) = postSolution
		{10E1D71D-9D36-4BDD-9408-DB581A58BD56}.Debug|x86.ActiveCfg = Debug|Any CPU
		{10E1D71D-9D36-4BDD-9408-DB581A58BD56}.Debug|x86.Build.0 = Debug|Any CPU
		{10E1D71D-9D36-4BDD-9408-DB581A58BD56}.Release|x86.ActiveCfg = Release|Any CPU
		{10E1D71D-9D36-4BDD-9408-DB581A58BD56}.Release|x86.Build.0 = Release|Any CPU
		{A8466DD5-53DC-4297-BA5F-22501DEE84BD}.Debug|x86.ActiveCfg = Debug|Win32
		{A8466DD5-53DC-4297-BA5F-22501DEE84BD}.Debug|x86.Build.0 = Debug|Win32
		{A8466DD5-53DC-4297-BA5F-22501DEE84BD}.Release|x86.ActiveCfg = Release|Win32
		{A8466DD5-53DC-4297-BA5F-22501DEE84BD}.Release|x86.Build.0 = Release|Win32
		{34BE6D48-8BB5-4EBA-A2EE-810F3FCCEB95}.Debug|x86.ActiveCfg = Debug|Win32
		{34BE6D48-8BB5-4EBA-A2EE-810F3FCCEB95}.Debug|x86.Build.0 = Debug|Win32
		{34BE6D48-8BB5-4EBA-A2EE-810F3FCCEB95}.Release|x86.ActiveCfg = Release|Win32
		{34BE6D48-8BB5-4EBA-A2EE-810F3FCCEB95}.Release|x86.Build.0 = Release|Win32
		{3FAE127E-454D-4B2F-BCB1-0A426362A421}.Debug|x86.ActiveCfg = Debug|Win32
		{3FAE127E-454D-4B2F-BCB1-0A426362A421}.Debug|x86.Build.0 = Debug|Win32
		{3FAE127E-454D-4B2F-BCB1-0A426362A421}.Release|x86.ActiveCfg = Release|Win32
		{3FAE127E-454D-4B2F-BCB1-0A426362A421}.Release|x86.Build.0 = Release|Win32
		{985B6C68-6803-48BC-97FF-A36C31215600}.Debug|x86.ActiveCfg = Debug|Win32
		{985B6C68-6803-48BC-97FF-A36C31215600}.Debug|x86.Build.0 = Debug|Win32
		{985B6C68-6803-48BC-97FF-A36C31215600}.Release|x86.ActiveCfg = Release|Win32
		{985B6C68-6803-48BC-97FF-A36C31215600}.Release|x86.Build.0 = Release|Win32
		{41B89E88-B350-4829-96AB-83C2024A4305}.Debug|x86.ActiveCfg = Debug|Win32
		{41B89E88-B350-4829-96AB-83C2024A4305}.Debug|x86.Build.0 = Debug|Win32
		{41B89E88-B350-4829-96AB-83C2024A4305}.Release|x86.ActiveCfg = Release|Win32
		{41B89E88-B350-4829-96AB-83C2024A4305}.Release|x86.Build.0 = Release|Win32
		{F3208D2B-834D-4D93-8728-AF205F153667}.Debug|x86.ActiveCfg = Debug|Win32
		{F3208D2B-834D-4D93-8728-AF205F153667}.Debug|x86.Build.0 = Debug|Win32
		{F3208D2B-834D-4D93-8728-AF205F153667}.Release|x86.ActiveCfg = Release|Win32
		{F3208D2B-834D-4D93-8728-AF205F153667}.Release|x86.Build.0 = Release|Win32
		{12D3B530-1261-453A-B46F-B58952275515}.Debug|x86.ActiveCfg = Debug|x86
		{12D3B530-1261-453A-B46F-B58952275515}.Release|x86.ActiveCfg = Release|x86
		{12D3B530-1261-453A-B46F-B58952275515}.Release|x86.Build.0 = Release|x86
	EndGlobalSection
	GlobalSection(SolutionProperties) = preSolution
		HideSolutionNode = FALSE
	EndGlobalSection
	GlobalSection(ExtensibilityGlobals) = postSolution
		SolutionGuid = {55FB46EE-3050-4823-8596-D46DEB8A60BC}
	EndGlobalSection
EndGlobal
