<?xml version="1.0" encoding="utf-8"?>
<Project ToolsVersion="4.0" xmlns="http://schemas.microsoft.com/developer/msbuild/2003">
  <ItemGroup>
    <Filter Include="Quelldateien">
      <UniqueIdentifier>{4FC737F1-C7A5-4376-A066-2A32D752A2FF}</UniqueIdentifier>
      <Extensions>cpp;c;cc;cxx;def;odl;idl;hpj;bat;asm;asmx</Extensions>
    </Filter>
    <Filter Include="Headerdateien">
      <UniqueIdentifier>{93995380-89BD-4b04-88EB-625FBE52EBFB}</UniqueIdentifier>
      <Extensions>h;hh;hpp;hxx;hm;inl;inc;xsd</Extensions>
    </Filter>
    <Filter Include="Ressourcendateien">
      <UniqueIdentifier>{67DA6AB6-F800-4c08-8B7A-83BB121AAD01}</UniqueIdentifier>
      <Extensions>rc;ico;cur;bmp;dlg;rc2;rct;bin;rgs;gif;jpg;jpeg;jpe;resx;tiff;tif;png;wav;mfcribbon-ms</Extensions>
    </Filter>
  </ItemGroup>
  <ItemGroup>
    <ClInclude Include="ErrorCodes.h">
      <Filter>Headerdateien</Filter>
    </ClInclude>
    <ClInclude Include="GlobalDefinitions.h">
      <Filter>Headerdateien</Filter>
    </ClInclude>
    <ClInclude Include="T3DMovVector.h">
      <Filter>Headerdateien</Filter>
    </ClInclude>
    <ClInclude Include="T3DVector.h">
      <Filter>Headerdateien</Filter>
    </ClInclude>
    <ClInclude Include="T4DLatticeVector.h">
      <Filter>Headerdateien</Filter>
    </ClInclude>
    <ClInclude Include="TCustomTime.h">
      <Filter>Headerdateien</Filter>
    </ClInclude>
    <ClInclude Include="TElementsDesc.h">
      <Filter>Headerdateien</Filter>
    </ClInclude>
    <ClInclude Include="TElements\TElements.h">
      <Filter>Headerdateien</Filter>
    </ClInclude>
    <ClInclude Include="TElements\TElementsBase.h">
      <Filter>Headerdateien</Filter>
    </ClInclude>
    <ClInclude Include="TElements\TElementsFunc.h">
      <Filter>Headerdateien</Filter>
    </ClInclude>
    <ClInclude Include="TElements\TElementsOut.h">
      <Filter>Headerdateien</Filter>
    </ClInclude>
    <ClInclude Include="TInteraction\TInteraction.h">
      <Filter>Headerdateien</Filter>
    </ClInclude>
    <ClInclude Include="TInteraction\TInteractionBase.h">
      <Filter>Headerdateien</Filter>
    </ClInclude>
    <ClInclude Include="TInteraction\TInteractionFunc.h">
      <Filter>Headerdateien</Filter>
    </ClInclude>
    <ClInclude Include="TInteraction\TInteractionOut.h">
      <Filter>Headerdateien</Filter>
    </ClInclude>
    <ClInclude Include="TJump\TJump.h">
      <Filter>Headerdateien</Filter>
    </ClInclude>
    <ClInclude Include="TJump\TJumpBase.h">
      <Filter>Headerdateien</Filter>
    </ClInclude>
    <ClInclude Include="TJump\TJumpFunc.h">
      <Filter>Headerdateien</Filter>
    </ClInclude>
    <ClInclude Include="TJump\TJumpOut.h">
      <Filter>Headerdateien</Filter>
    </ClInclude>
    <ClInclude Include="TJumps\TJumps.h">
      <Filter>Headerdateien</Filter>
    </ClInclude>
    <ClInclude Include="TJumps\TJumpsBase.h">
      <Filter>Headerdateien</Filter>
    </ClInclude>
    <ClInclude Include="TJumps\TJumpsFunc.h">
      <Filter>Headerdateien</Filter>
    </ClInclude>
    <ClInclude Include="TJumps\TJumpsOut.h">
      <Filter>Headerdateien</Filter>
    </ClInclude>
    <ClInclude Include="TKMCJob\IKMCJob.h">
      <Filter>Headerdateien</Filter>
    </ClInclude>
    <ClInclude Include="TKMCJob\TKMCJob.h">
      <Filter>Headerdateien</Filter>
    </ClInclude>
    <ClInclude Include="TKMCJob\TKMCJobBase.h">
      <Filter>Headerdateien</Filter>
    </ClInclude>
    <ClInclude Include="TKMCJob\TKMCJobFunc.h">
      <Filter>Headerdateien</Filter>
    </ClInclude>
    <ClInclude Include="TKMCJob\TKMCJobOut.h">
      <Filter>Headerdateien</Filter>
    </ClInclude>
    <ClInclude Include="TResults\TResults.h">
      <Filter>Headerdateien</Filter>
    </ClInclude>
    <ClInclude Include="TResults\TResultsBase.h">
      <Filter>Headerdateien</Filter>
    </ClInclude>
    <ClInclude Include="TResults\TResultsFunc.h">
      <Filter>Headerdateien</Filter>
    </ClInclude>
    <ClInclude Include="TResults\TResultsOut.h">
      <Filter>Headerdateien</Filter>
    </ClInclude>
    <ClInclude Include="TSettings\TSettings.h">
      <Filter>Headerdateien</Filter>
    </ClInclude>
    <ClInclude Include="TSettings\TSettingsBase.h">
      <Filter>Headerdateien</Filter>
    </ClInclude>
    <ClInclude Include="TSettings\TSettingsFunc.h">
      <Filter>Headerdateien</Filter>
    </ClInclude>
    <ClInclude Include="TSettings\TSettingsOut.h">
      <Filter>Headerdateien</Filter>
    </ClInclude>
    <ClInclude Include="TSimulation\TSimJump.h">
      <Filter>Headerdateien</Filter>
    </ClInclude>
    <ClInclude Include="TSimulation\TSimPhaseInfo.h">
      <Filter>Headerdateien</Filter>
    </ClInclude>
    <ClInclude Include="TSimulation\TSimProb.h">
      <Filter>Headerdateien</Filter>
    </ClInclude>
    <ClInclude Include="TSimulation\TSimulation.h">
      <Filter>Headerdateien</Filter>
    </ClInclude>
    <ClInclude Include="TSimulation\TSimulationBase.h">
      <Filter>Headerdateien</Filter>
    </ClInclude>
    <ClInclude Include="TSimulation\TSimulationFunc.h">
      <Filter>Headerdateien</Filter>
    </ClInclude>
    <ClInclude Include="TSimulation\TSimulationOut.h">
      <Filter>Headerdateien</Filter>
    </ClInclude>
    <ClInclude Include="TSimulation\TSimUniqueJump.h">
      <Filter>Headerdateien</Filter>
    </ClInclude>
    <ClInclude Include="TStructure\TStructure.h">
      <Filter>Headerdateien</Filter>
    </ClInclude>
    <ClInclude Include="TStructure\TStructureBase.h">
      <Filter>Headerdateien</Filter>
    </ClInclude>
    <ClInclude Include="TStructure\TStructureFunc.h">
      <Filter>Headerdateien</Filter>
    </ClInclude>
    <ClInclude Include="TStructure\TStructureOut.h">
      <Filter>Headerdateien</Filter>
    </ClInclude>
    <ClInclude Include="TUniqueJump\TUniqueJump.h">
      <Filter>Headerdateien</Filter>
    </ClInclude>
    <ClInclude Include="TUniqueJump\TUniqueJumpBase.h">
      <Filter>Headerdateien</Filter>
    </ClInclude>
    <ClInclude Include="TUniqueJump\TUniqueJumpFunc.h">
      <Filter>Headerdateien</Filter>
    </ClInclude>
    <ClInclude Include="TUniqueJump\TUniqueJumpOut.h">
      <Filter>Headerdateien</Filter>
    </ClInclude>
    <ClInclude Include="TUniqueJumps\TUniqueJumps.h">
      <Filter>Headerdateien</Filter>
    </ClInclude>
    <ClInclude Include="TUniqueJumps\TUniqueJumpsBase.h">
      <Filter>Headerdateien</Filter>
    </ClInclude>
    <ClInclude Include="TUniqueJumps\TUniqueJumpsFunc.h">
      <Filter>Headerdateien</Filter>
    </ClInclude>
    <ClInclude Include="TUniqueJumps\TUniqueJumpsOut.h">
      <Filter>Headerdateien</Filter>
    </ClInclude>
    <ClInclude Include="resource.h">
      <Filter>Headerdateien</Filter>
    </ClInclude>
  </ItemGroup>
  <ItemGroup>
    <ClCompile Include="GlobalDefinitions.cpp">
      <Filter>Quelldateien</Filter>
    </ClCompile>
    <ClCompile Include="T3DMovVector.cpp">
      <Filter>Quelldateien</Filter>
    </ClCompile>
    <ClCompile Include="T3DVector.cpp">
      <Filter>Quelldateien</Filter>
    </ClCompile>
    <ClCompile Include="T4DLatticeVector.cpp">
      <Filter>Quelldateien</Filter>
    </ClCompile>
    <ClCompile Include="TCustomTime.cpp">
      <Filter>Quelldateien</Filter>
    </ClCompile>
    <ClCompile Include="TElementsDesc.cpp">
      <Filter>Quelldateien</Filter>
    </ClCompile>
    <ClCompile Include="TElements\TElements.cpp">
      <Filter>Quelldateien</Filter>
    </ClCompile>
    <ClCompile Include="TElements\TElementsBase.cpp">
      <Filter>Quelldateien</Filter>
    </ClCompile>
    <ClCompile Include="TElements\TElementsFunc.cpp">
      <Filter>Quelldateien</Filter>
    </ClCompile>
    <ClCompile Include="TElements\TElementsOut.cpp">
      <Filter>Quelldateien</Filter>
    </ClCompile>
    <ClCompile Include="TInteraction\TInteraction.cpp">
      <Filter>Quelldateien</Filter>
    </ClCompile>
    <ClCompile Include="TInteraction\TInteractionBase.cpp">
      <Filter>Quelldateien</Filter>
    </ClCompile>
    <ClCompile Include="TInteraction\TInteractionFunc.cpp">
      <Filter>Quelldateien</Filter>
    </ClCompile>
    <ClCompile Include="TInteraction\TInteractionOut.cpp">
      <Filter>Quelldateien</Filter>
    </ClCompile>
    <ClCompile Include="TJump\TJump.cpp">
      <Filter>Quelldateien</Filter>
    </ClCompile>
    <ClCompile Include="TJump\TJumpBase.cpp">
      <Filter>Quelldateien</Filter>
    </ClCompile>
    <ClCompile Include="TJump\TJumpFunc.cpp">
      <Filter>Quelldateien</Filter>
    </ClCompile>
    <ClCompile Include="TJump\TJumpOut.cpp">
      <Filter>Quelldateien</Filter>
    </ClCompile>
    <ClCompile Include="TJumps\TJumps.cpp">
      <Filter>Quelldateien</Filter>
    </ClCompile>
    <ClCompile Include="TJumps\TJumpsBase.cpp">
      <Filter>Quelldateien</Filter>
    </ClCompile>
    <ClCompile Include="TJumps\TJumpsFunc.cpp">
      <Filter>Quelldateien</Filter>
    </ClCompile>
    <ClCompile Include="TJumps\TJumpsOut.cpp">
      <Filter>Quelldateien</Filter>
    </ClCompile>
    <ClCompile Include="TKMCJob\IKMCJob.cpp">
      <Filter>Quelldateien</Filter>
    </ClCompile>
    <ClCompile Include="TKMCJob\TKMCJob.cpp">
      <Filter>Quelldateien</Filter>
    </ClCompile>
    <ClCompile Include="TKMCJob\TKMCJobBase.cpp">
      <Filter>Quelldateien</Filter>
    </ClCompile>
    <ClCompile Include="TKMCJob\TKMCJobFunc.cpp">
      <Filter>Quelldateien</Filter>
    </ClCompile>
    <ClCompile Include="TKMCJob\TKMCJobOut.cpp">
      <Filter>Quelldateien</Filter>
    </ClCompile>
    <ClCompile Include="TResults\TResults.cpp">
      <Filter>Quelldateien</Filter>
    </ClCompile>
    <ClCompile Include="TResults\TResultsBase.cpp">
      <Filter>Quelldateien</Filter>
    </ClCompile>
    <ClCompile Include="TResults\TResultsFunc.cpp">
      <Filter>Quelldateien</Filter>
    </ClCompile>
    <ClCompile Include="TResults\TResultsOut.cpp">
      <Filter>Quelldateien</Filter>
    </ClCompile>
    <ClCompile Include="TSettings\TSettings.cpp">
      <Filter>Quelldateien</Filter>
    </ClCompile>
    <ClCompile Include="TSettings\TSettingsBase.cpp">
      <Filter>Quelldateien</Filter>
    </ClCompile>
    <ClCompile Include="TSettings\TSettingsFunc.cpp">
      <Filter>Quelldateien</Filter>
    </ClCompile>
    <ClCompile Include="TSettings\TSettingsOut.cpp">
      <Filter>Quelldateien</Filter>
    </ClCompile>
    <ClCompile Include="TSimulation\TSimJump.cpp">
      <Filter>Quelldateien</Filter>
    </ClCompile>
    <ClCompile Include="TSimulation\TSimPhaseInfo.cpp">
      <Filter>Quelldateien</Filter>
    </ClCompile>
    <ClCompile Include="TSimulation\TSimProb.cpp">
      <Filter>Quelldateien</Filter>
    </ClCompile>
    <ClCompile Include="TSimulation\TSimulation.cpp">
      <Filter>Quelldateien</Filter>
    </ClCompile>
    <ClCompile Include="TSimulation\TSimulationBase.cpp">
      <Filter>Quelldateien</Filter>
    </ClCompile>
    <ClCompile Include="TSimulation\TSimulationFunc.cpp">
      <Filter>Quelldateien</Filter>
    </ClCompile>
    <ClCompile Include="TSimulation\TSimulationOut.cpp">
      <Filter>Quelldateien</Filter>
    </ClCompile>
    <ClCompile Include="TSimulation\TSimUniqueJump.cpp">
      <Filter>Quelldateien</Filter>
    </ClCompile>
    <ClCompile Include="TStructure\TStructure.cpp">
      <Filter>Quelldateien</Filter>
    </ClCompile>
    <ClCompile Include="TStructure\TStructureBase.cpp">
      <Filter>Quelldateien</Filter>
    </ClCompile>
    <ClCompile Include="TStructure\TStructureFunc.cpp">
      <Filter>Quelldateien</Filter>
    </ClCompile>
    <ClCompile Include="TStructure\TStructureOut.cpp">
      <Filter>Quelldateien</Filter>
    </ClCompile>
    <ClCompile Include="TUniqueJump\TUniqueJump.cpp">
      <Filter>Quelldateien</Filter>
    </ClCompile>
    <ClCompile Include="TUniqueJump\TUniqueJumpBase.cpp">
      <Filter>Quelldateien</Filter>
    </ClCompile>
    <ClCompile Include="TUniqueJump\TUniqueJumpFunc.cpp">
      <Filter>Quelldateien</Filter>
    </ClCompile>
    <ClCompile Include="TUniqueJump\TUniqueJumpOut.cpp">
      <Filter>Quelldateien</Filter>
    </ClCompile>
    <ClCompile Include="TUniqueJumps\TUniqueJumps.cpp">
      <Filter>Quelldateien</Filter>
    </ClCompile>
    <ClCompile Include="TUniqueJumps\TUniqueJumpsBase.cpp">
      <Filter>Quelldateien</Filter>
    </ClCompile>
    <ClCompile Include="TUniqueJumps\TUniqueJumpsFunc.cpp">
      <Filter>Quelldateien</Filter>
    </ClCompile>
    <ClCompile Include="TUniqueJumps\TUniqueJumpsOut.cpp">
      <Filter>Quelldateien</Filter>
    </ClCompile>
  </ItemGroup>
  <ItemGroup>
    <ResourceCompile Include="MCJob_UDLL.rc">
      <Filter>Ressourcendateien</Filter>
    </ResourceCompile>
  </ItemGroup>
</Project>